
Microsoft Visual Studio Solution File, Format Version 12.00
# Visual Studio Version 17
VisualStudioVersion = 17.4.33110.190
MinimumVisualStudioVersion = 10.0.40219.1
Project("{FAE04EC0-301F-11D3-BF4B-00C04F79EFBC}") = "ClubMembershipApplication", "ClubMembershipApplication\ClubMembershipApplication.csproj", "{B3283E58-3C27-4160-841F-D54C0FE71690}"
EndProject
Project("{FAE04EC0-301F-11D3-BF4B-00C04F79EFBC}") = "FieldValidatorAPI", "FieldValidatorAPI\FieldValidatorAPI.csproj", "{EF1AF4F1-B770-4A12-B314-EDD7CCCB7166}"
EndProject
Global
	GlobalSection(SolutionConfigurationPlatforms) = preSolution
		Debug|Any CPU = Debug|Any CPU
		Release|Any CPU = Release|Any CPU
	EndGlobalSection
	GlobalSection(ProjectConfigurationPlatforms) = postSolution
		{B3283E58-3C27-4160-841F-D54C0FE71690}.Debug|Any CPU.ActiveCfg = Debug|Any CPU
		{B3283E58-3C27-4160-841F-D54C0FE71690}.Debug|Any CPU.Build.0 = Debug|Any CPU
		{B3283E58-3C27-4160-841F-D54C0FE71690}.Release|Any CPU.ActiveCfg = Release|Any CPU
		{B3283E58-3C27-4160-841F-D54C0FE71690}.Release|Any CPU.Build.0 = Release|Any CPU
		{EF1AF4F1-B770-4A12-B314-EDD7CCCB7166}.Debug|Any CPU.ActiveCfg = Debug|Any CPU
		{EF1AF4F1-B770-4A12-B314-EDD7CCCB7166}.Debug|Any CPU.Build.0 = Debug|Any CPU
		{EF1AF4F1-B770-4A12-B314-EDD7CCCB7166}.Release|Any CPU.ActiveCfg = Release|Any CPU
		{EF1AF4F1-B770-4A12-B314-EDD7CCCB7166}.Release|Any CPU.Build.0 = Release|Any CPU
	EndGlobalSection
	GlobalSection(SolutionProperties) = preSolution
		HideSolutionNode = FALSE
	EndGlobalSection
	GlobalSection(ExtensibilityGlobals) = postSolution
		SolutionGuid = {F5E75330-DCBE-42C8-AEAD-9F4D82317D1D}
	EndGlobalSection
EndGlobal
